
Microsoft Visual Studio Solution File, Format Version 12.00
# Visual Studio Version 16
VisualStudioVersion = 16.0.29318.209
MinimumVisualStudioVersion = 10.0.40219.1
Project("{9A19103F-16F7-4668-BE54-9A1E7A4F7556}") = "TestPlaner", "TestPlaner\TestPlaner.csproj", "{95BB6DCD-D2F6-445E-B13C-36A332040CD4}"
EndProject
Project("{9A19103F-16F7-4668-BE54-9A1E7A4F7556}") = "JavaCompiler", "JavaCompiler\JavaCompiler.csproj", "{CB436600-C8ED-4461-BA80-66A1379AAE67}"
EndProject
Project("{9A19103F-16F7-4668-BE54-9A1E7A4F7556}") = "googlecloud", "googlecloud\googlecloud.csproj", "{BE8807FE-B5E1-4381-95D1-DB83F67E7C50}"
EndProject
Project("{FAE04EC0-301F-11D3-BF4B-00C04F79EFBC}") = "ssh_client", "ssh_client\ssh_client.csproj", "{3F0402B0-759A-4BF2-837D-DDBD5807EE8C}"
EndProject
Project("{FAE04EC0-301F-11D3-BF4B-00C04F79EFBC}") = "infra", "infra\infra.csproj", "{3BB1146E-1CC2-441F-8A4B-85A75468C3B0}"
EndProject
Global
	GlobalSection(SolutionConfigurationPlatforms) = preSolution
		Debug|Any CPU = Debug|Any CPU
		Release|Any CPU = Release|Any CPU
	EndGlobalSection
	GlobalSection(ProjectConfigurationPlatforms) = postSolution
		{95BB6DCD-D2F6-445E-B13C-36A332040CD4}.Debug|Any CPU.ActiveCfg = Debug|Any CPU
		{95BB6DCD-D2F6-445E-B13C-36A332040CD4}.Debug|Any CPU.Build.0 = Debug|Any CPU
		{95BB6DCD-D2F6-445E-B13C-36A332040CD4}.Release|Any CPU.ActiveCfg = Release|Any CPU
		{95BB6DCD-D2F6-445E-B13C-36A332040CD4}.Release|Any CPU.Build.0 = Release|Any CPU
		{CB436600-C8ED-4461-BA80-66A1379AAE67}.Debug|Any CPU.ActiveCfg = Debug|Any CPU
		{CB436600-C8ED-4461-BA80-66A1379AAE67}.Debug|Any CPU.Build.0 = Debug|Any CPU
		{CB436600-C8ED-4461-BA80-66A1379AAE67}.Release|Any CPU.ActiveCfg = Release|Any CPU
		{CB436600-C8ED-4461-BA80-66A1379AAE67}.Release|Any CPU.Build.0 = Release|Any CPU
		{BE8807FE-B5E1-4381-95D1-DB83F67E7C50}.Debug|Any CPU.ActiveCfg = Debug|Any CPU
		{BE8807FE-B5E1-4381-95D1-DB83F67E7C50}.Debug|Any CPU.Build.0 = Debug|Any CPU
		{BE8807FE-B5E1-4381-95D1-DB83F67E7C50}.Release|Any CPU.ActiveCfg = Release|Any CPU
		{BE8807FE-B5E1-4381-95D1-DB83F67E7C50}.Release|Any CPU.Build.0 = Release|Any CPU
		{3F0402B0-759A-4BF2-837D-DDBD5807EE8C}.Debug|Any CPU.ActiveCfg = Debug|Any CPU
		{3F0402B0-759A-4BF2-837D-DDBD5807EE8C}.Debug|Any CPU.Build.0 = Debug|Any CPU
		{3F0402B0-759A-4BF2-837D-DDBD5807EE8C}.Release|Any CPU.ActiveCfg = Release|Any CPU
		{3F0402B0-759A-4BF2-837D-DDBD5807EE8C}.Release|Any CPU.Build.0 = Release|Any CPU
		{3BB1146E-1CC2-441F-8A4B-85A75468C3B0}.Debug|Any CPU.ActiveCfg = Debug|Any CPU
		{3BB1146E-1CC2-441F-8A4B-85A75468C3B0}.Debug|Any CPU.Build.0 = Debug|Any CPU
		{3BB1146E-1CC2-441F-8A4B-85A75468C3B0}.Release|Any CPU.ActiveCfg = Release|Any CPU
		{3BB1146E-1CC2-441F-8A4B-85A75468C3B0}.Release|Any CPU.Build.0 = Release|Any CPU
	EndGlobalSection
	GlobalSection(SolutionProperties) = preSolution
		HideSolutionNode = FALSE
	EndGlobalSection
	GlobalSection(ExtensibilityGlobals) = postSolution
		SolutionGuid = {418B79E0-7541-4E54-AE7D-1E8119310195}
	EndGlobalSection
EndGlobal
